
Microsoft Visual Studio Solution File, Format Version 12.00
# Visual Studio Version 17
VisualStudioVersion = 17.13.35828.75
MinimumVisualStudioVersion = 10.0.40219.1
Project("{2150E333-8FDC-42A3-9474-1A3956D46DE8}") = "App (OpenSilver)", "App (OpenSilver)", "{02EA681E-C7D8-13C7-8484-4AC65E1B71E8}"
EndProject
Project("{2150E333-8FDC-42A3-9474-1A3956D46DE8}") = "Build", "Build", "{35113855-EDF8-4288-8F77-ABB565056393}"
EndProject
Project("{2150E333-8FDC-42A3-9474-1A3956D46DE8}") = "Partial", "Partial", "{6DCE7F39-A782-4D98-9C32-CAC7A7FEFB92}"
EndProject
Project("{2150E333-8FDC-42A3-9474-1A3956D46DE8}") = "Foundation", "Foundation", "{F8D2D220-1CF7-4247-A009-C3B67171C481}"
EndProject
Project("{FAE04EC0-301F-11D3-BF4B-00C04F79EFBC}") = "OSFSample.Support", "OSFSample.Support\OSFSample.Support.csproj", "{7620DEB1-F100-4AC1-9CF2-BE9D4F486047}"
EndProject
Project("{FAE04EC0-301F-11D3-BF4B-00C04F79EFBC}") = "OpenSilverSample.Browser", "OpenSilverSample\OpenSilverSample.Browser\OpenSilverSample.Browser.csproj", "{E0D321BD-7A0D-4907-A213-7C98F15DD132}"
EndProject
Project("{FAE04EC0-301F-11D3-BF4B-00C04F79EFBC}") = "OpenSilverSample", "OpenSilverSample\OpenSilverSample\OpenSilverSample.csproj", "{1FFF4643-F213-41B0-86B7-EAF82F7C0F41}"
EndProject
Project("{FAE04EC0-301F-11D3-BF4B-00C04F79EFBC}") = "OpenSilverSample.Simulator", "OpenSilverSample\OpenSilverSample.Simulator\OpenSilverSample.Simulator.csproj", "{8FD665B6-EB74-4721-A98B-681DA075B989}"
EndProject
Project("{FAE04EC0-301F-11D3-BF4B-00C04F79EFBC}") = "OpenSilverShowcase.Buttons", "OpenSilverShowcase.Buttons\OpenSilverShowcase.Buttons.csproj", "{68F25823-918E-4E51-9FE7-F947DFA6DC73}"
EndProject
Project("{FAE04EC0-301F-11D3-BF4B-00C04F79EFBC}") = "OpenSilverShowcase.ToggleButtons", "OpenSilverShowcase.ToggleButtons\OpenSilverShowcase.ToggleButtons.csproj", "{6FFF24FF-12A8-4EDC-BEF6-66530E177DC9}"
EndProject
Project("{2150E333-8FDC-42A3-9474-1A3956D46DE8}") = "Template", "Template", "{710B52D4-44F6-4B37-951F-30C4FE76CBE7}"
EndProject
Project("{FAE04EC0-301F-11D3-BF4B-00C04F79EFBC}") = "OpenSilverShowcase.ProjectTemplate", "OpenSilverShowcase.ProjectTemplate\OpenSilverShowcase.ProjectTemplate.csproj", "{8A370927-AE4E-45A3-84FA-287C3B7F465C}"
EndProject
Project("{FAE04EC0-301F-11D3-BF4B-00C04F79EFBC}") = "OpenSilverShowcase.ProjectItem", "OpenSilverShowcase.ProjectItem\OpenSilverShowcase.ProjectItem.csproj", "{5BC0F70F-DAF5-4541-B649-EC6E5445F68C}"
EndProject
Project("{FAE04EC0-301F-11D3-BF4B-00C04F79EFBC}") = "OpenSilverShowcase.Sliders", "OpenSilverShowcase.Sliders\OpenSilverShowcase.Sliders.csproj", "{E77AFE4C-7A65-4ADE-852C-17B3FBB60800}"
EndProject
Project("{FAE04EC0-301F-11D3-BF4B-00C04F79EFBC}") = "OpenSilverShowcase.CheckBoxs", "OpenSilverShowcase.CheckBoxs\OpenSilverShowcase.CheckBoxs.csproj", "{38BDDE5C-9C2D-42F5-BA1D-6C0682841BE5}"
EndProject
Project("{FAE04EC0-301F-11D3-BF4B-00C04F79EFBC}") = "OpenSilverShowcase.RadioButtons", "OpenSilverShowcase.RadioButtons\OpenSilverShowcase.RadioButtons.csproj", "{891A75DB-E42D-4374-9F27-772CF8EA6C0B}"
EndProject
Project("{FAE04EC0-301F-11D3-BF4B-00C04F79EFBC}") = "OpenSilverShowcase.ComboBoxs", "OpenSilverShowcase.ComboBoxs\OpenSilverShowcase.ComboBoxs.csproj", "{8FF56E0F-BFE4-4A63-81EF-6D776920E11D}"
EndProject
Project("{FAE04EC0-301F-11D3-BF4B-00C04F79EFBC}") = "OpenSilverShowcase.ListBoxs", "OpenSilverShowcase.ListBoxs\OpenSilverShowcase.ListBoxs.csproj", "{C9FE65BF-DE4B-4D7A-8620-848231F91FAF}"
EndProject
Project("{FAE04EC0-301F-11D3-BF4B-00C04F79EFBC}") = "OpenSilverShowcase.ProgressBars", "OpenSilverShowcase.ProgressBars\OpenSilverShowcase.ProgressBars.csproj", "{FE039D36-513D-4E78-A567-71DC6621A171}"
EndProject
Project("{FAE04EC0-301F-11D3-BF4B-00C04F79EFBC}") = "OpenSilverShowcase.TextBoxs", "OpenSilverShowcase.TextBoxs\OpenSilverShowcase.TextBoxs.csproj", "{B0998971-529E-472A-839A-5F452B86EAA9}"
EndProject
Project("{FAE04EC0-301F-11D3-BF4B-00C04F79EFBC}") = "OpenSilverShowcase.Grids", "OpenSilverShowcase.Grids\OpenSilverShowcase.Grids.csproj", "{BBB93F2B-4DF0-40B2-B6E6-B1ABC6586A12}"
EndProject
Project("{FAE04EC0-301F-11D3-BF4B-00C04F79EFBC}") = "OpenSilverShowcase.StackPanels", "OpenSilverShowcase.StackPanels\OpenSilverShowcase.StackPanels.csproj", "{816EC0A3-5E96-4BC3-8E75-B016D868CB60}"
EndProject
Project("{FAE04EC0-301F-11D3-BF4B-00C04F79EFBC}") = "OpenSilverShowcase.WrapPanels", "OpenSilverShowcase.WrapPanels\OpenSilverShowcase.WrapPanels.csproj", "{2E5FAAD3-A4D3-A368-037B-0A44BC1A019C}"
EndProject
Project("{FAE04EC0-301F-11D3-BF4B-00C04F79EFBC}") = "OpenSilverShowcase.Borders", "OpenSilverShowcase.Borders\OpenSilverShowcase.Borders.csproj", "{5B43BF92-1623-4073-8154-F1008CE73552}"
EndProject
Project("{FAE04EC0-301F-11D3-BF4B-00C04F79EFBC}") = "OpenSilverShowcase.AdaptiveColumnsPanels", "OpenSilverShowcase.AdaptiveColumnsPanels\OpenSilverShowcase.AdaptiveColumnsPanels.csproj", "{D1DCFEB5-2AC9-788F-5125-A781EC87FE39}"
EndProject
Project("{FAE04EC0-301F-11D3-BF4B-00C04F79EFBC}") = "OpenSilverShowcase.AnimatedNavigationBars", "OpenSilverShowcase.AnimatedNavigationBars\OpenSilverShowcase.AnimatedNavigationBars.csproj", "{C5896A14-E779-C596-2C31-B88AFE89F738}"
EndProject
Project("{FAE04EC0-301F-11D3-BF4B-00C04F79EFBC}") = "OpenSilverShowcase.StaggeredPanels", "OpenSilverShowcase.StaggeredPanels\OpenSilverShowcase.StaggeredPanels.csproj", "{95BB07BD-BC27-4167-B99F-D8DC7BC7A20B}"
EndProject
Project("{FAE04EC0-301F-11D3-BF4B-00C04F79EFBC}") = "OpenSilverShowcase.MvvmTemplate", "OpenSilverShowcase.MvvmTemplate\OpenSilverShowcase.MvvmTemplate.csproj", "{66F17D6B-654B-4AAB-90B0-BC0B6844F6D5}"
EndProject
Project("{FAE04EC0-301F-11D3-BF4B-00C04F79EFBC}") = "OpenSilverShowcase.BindingTemplate", "OpenSilverShowcase.BindingTemplate\OpenSilverShowcase.BindingTemplate.csproj", "{641E4276-8C03-497D-B6E8-417E2ED5A7FB}"
EndProject
Project("{FAE04EC0-301F-11D3-BF4B-00C04F79EFBC}") = "OpenSilverShowcase.DataContextTemplate", "OpenSilverShowcase.DataContextTemplate\OpenSilverShowcase.DataContextTemplate.csproj", "{08021293-DBAA-4322-BAB8-3666D33F57AD}"
EndProject
Global
	GlobalSection(SolutionConfigurationPlatforms) = preSolution
		Debug|Any CPU = Debug|Any CPU
		Release|Any CPU = Release|Any CPU
	EndGlobalSection
	GlobalSection(ProjectConfigurationPlatforms) = postSolution
		{7620DEB1-F100-4AC1-9CF2-BE9D4F486047}.Debug|Any CPU.ActiveCfg = Debug|Any CPU
		{7620DEB1-F100-4AC1-9CF2-BE9D4F486047}.Debug|Any CPU.Build.0 = Debug|Any CPU
		{7620DEB1-F100-4AC1-9CF2-BE9D4F486047}.Release|Any CPU.ActiveCfg = Release|Any CPU
		{7620DEB1-F100-4AC1-9CF2-BE9D4F486047}.Release|Any CPU.Build.0 = Release|Any CPU
		{E0D321BD-7A0D-4907-A213-7C98F15DD132}.Debug|Any CPU.ActiveCfg = Debug|Any CPU
		{E0D321BD-7A0D-4907-A213-7C98F15DD132}.Debug|Any CPU.Build.0 = Debug|Any CPU
		{E0D321BD-7A0D-4907-A213-7C98F15DD132}.Release|Any CPU.ActiveCfg = Release|Any CPU
		{E0D321BD-7A0D-4907-A213-7C98F15DD132}.Release|Any CPU.Build.0 = Release|Any CPU
		{1FFF4643-F213-41B0-86B7-EAF82F7C0F41}.Debug|Any CPU.ActiveCfg = Debug|Any CPU
		{1FFF4643-F213-41B0-86B7-EAF82F7C0F41}.Debug|Any CPU.Build.0 = Debug|Any CPU
		{1FFF4643-F213-41B0-86B7-EAF82F7C0F41}.Release|Any CPU.ActiveCfg = Release|Any CPU
		{1FFF4643-F213-41B0-86B7-EAF82F7C0F41}.Release|Any CPU.Build.0 = Release|Any CPU
		{8FD665B6-EB74-4721-A98B-681DA075B989}.Debug|Any CPU.ActiveCfg = Debug|Any CPU
		{8FD665B6-EB74-4721-A98B-681DA075B989}.Debug|Any CPU.Build.0 = Debug|Any CPU
		{8FD665B6-EB74-4721-A98B-681DA075B989}.Release|Any CPU.ActiveCfg = Release|Any CPU
		{8FD665B6-EB74-4721-A98B-681DA075B989}.Release|Any CPU.Build.0 = Release|Any CPU
		{68F25823-918E-4E51-9FE7-F947DFA6DC73}.Debug|Any CPU.ActiveCfg = Debug|Any CPU
		{68F25823-918E-4E51-9FE7-F947DFA6DC73}.Debug|Any CPU.Build.0 = Debug|Any CPU
		{68F25823-918E-4E51-9FE7-F947DFA6DC73}.Release|Any CPU.ActiveCfg = Release|Any CPU
		{68F25823-918E-4E51-9FE7-F947DFA6DC73}.Release|Any CPU.Build.0 = Release|Any CPU
		{6FFF24FF-12A8-4EDC-BEF6-66530E177DC9}.Debug|Any CPU.ActiveCfg = Debug|Any CPU
		{6FFF24FF-12A8-4EDC-BEF6-66530E177DC9}.Debug|Any CPU.Build.0 = Debug|Any CPU
		{6FFF24FF-12A8-4EDC-BEF6-66530E177DC9}.Release|Any CPU.ActiveCfg = Release|Any CPU
		{6FFF24FF-12A8-4EDC-BEF6-66530E177DC9}.Release|Any CPU.Build.0 = Release|Any CPU
		{8A370927-AE4E-45A3-84FA-287C3B7F465C}.Debug|Any CPU.ActiveCfg = Debug|Any CPU
		{8A370927-AE4E-45A3-84FA-287C3B7F465C}.Debug|Any CPU.Build.0 = Debug|Any CPU
		{8A370927-AE4E-45A3-84FA-287C3B7F465C}.Release|Any CPU.ActiveCfg = Release|Any CPU
		{8A370927-AE4E-45A3-84FA-287C3B7F465C}.Release|Any CPU.Build.0 = Release|Any CPU
		{5BC0F70F-DAF5-4541-B649-EC6E5445F68C}.Debug|Any CPU.ActiveCfg = Debug|Any CPU
		{5BC0F70F-DAF5-4541-B649-EC6E5445F68C}.Debug|Any CPU.Build.0 = Debug|Any CPU
		{5BC0F70F-DAF5-4541-B649-EC6E5445F68C}.Release|Any CPU.ActiveCfg = Release|Any CPU
		{5BC0F70F-DAF5-4541-B649-EC6E5445F68C}.Release|Any CPU.Build.0 = Release|Any CPU
		{E77AFE4C-7A65-4ADE-852C-17B3FBB60800}.Debug|Any CPU.ActiveCfg = Debug|Any CPU
		{E77AFE4C-7A65-4ADE-852C-17B3FBB60800}.Debug|Any CPU.Build.0 = Debug|Any CPU
		{E77AFE4C-7A65-4ADE-852C-17B3FBB60800}.Release|Any CPU.ActiveCfg = Release|Any CPU
		{E77AFE4C-7A65-4ADE-852C-17B3FBB60800}.Release|Any CPU.Build.0 = Release|Any CPU
		{38BDDE5C-9C2D-42F5-BA1D-6C0682841BE5}.Debug|Any CPU.ActiveCfg = Debug|Any CPU
		{38BDDE5C-9C2D-42F5-BA1D-6C0682841BE5}.Debug|Any CPU.Build.0 = Debug|Any CPU
		{38BDDE5C-9C2D-42F5-BA1D-6C0682841BE5}.Release|Any CPU.ActiveCfg = Release|Any CPU
		{38BDDE5C-9C2D-42F5-BA1D-6C0682841BE5}.Release|Any CPU.Build.0 = Release|Any CPU
		{891A75DB-E42D-4374-9F27-772CF8EA6C0B}.Debug|Any CPU.ActiveCfg = Debug|Any CPU
		{891A75DB-E42D-4374-9F27-772CF8EA6C0B}.Debug|Any CPU.Build.0 = Debug|Any CPU
		{891A75DB-E42D-4374-9F27-772CF8EA6C0B}.Release|Any CPU.ActiveCfg = Release|Any CPU
		{891A75DB-E42D-4374-9F27-772CF8EA6C0B}.Release|Any CPU.Build.0 = Release|Any CPU
		{8FF56E0F-BFE4-4A63-81EF-6D776920E11D}.Debug|Any CPU.ActiveCfg = Debug|Any CPU
		{8FF56E0F-BFE4-4A63-81EF-6D776920E11D}.Debug|Any CPU.Build.0 = Debug|Any CPU
		{8FF56E0F-BFE4-4A63-81EF-6D776920E11D}.Release|Any CPU.ActiveCfg = Release|Any CPU
		{8FF56E0F-BFE4-4A63-81EF-6D776920E11D}.Release|Any CPU.Build.0 = Release|Any CPU
		{C9FE65BF-DE4B-4D7A-8620-848231F91FAF}.Debug|Any CPU.ActiveCfg = Debug|Any CPU
		{C9FE65BF-DE4B-4D7A-8620-848231F91FAF}.Debug|Any CPU.Build.0 = Debug|Any CPU
		{C9FE65BF-DE4B-4D7A-8620-848231F91FAF}.Release|Any CPU.ActiveCfg = Release|Any CPU
		{C9FE65BF-DE4B-4D7A-8620-848231F91FAF}.Release|Any CPU.Build.0 = Release|Any CPU
		{FE039D36-513D-4E78-A567-71DC6621A171}.Debug|Any CPU.ActiveCfg = Debug|Any CPU
		{FE039D36-513D-4E78-A567-71DC6621A171}.Debug|Any CPU.Build.0 = Debug|Any CPU
		{FE039D36-513D-4E78-A567-71DC6621A171}.Release|Any CPU.ActiveCfg = Release|Any CPU
		{FE039D36-513D-4E78-A567-71DC6621A171}.Release|Any CPU.Build.0 = Release|Any CPU
		{B0998971-529E-472A-839A-5F452B86EAA9}.Debug|Any CPU.ActiveCfg = Debug|Any CPU
		{B0998971-529E-472A-839A-5F452B86EAA9}.Debug|Any CPU.Build.0 = Debug|Any CPU
		{B0998971-529E-472A-839A-5F452B86EAA9}.Release|Any CPU.ActiveCfg = Release|Any CPU
		{B0998971-529E-472A-839A-5F452B86EAA9}.Release|Any CPU.Build.0 = Release|Any CPU
		{BBB93F2B-4DF0-40B2-B6E6-B1ABC6586A12}.Debug|Any CPU.ActiveCfg = Debug|Any CPU
		{BBB93F2B-4DF0-40B2-B6E6-B1ABC6586A12}.Debug|Any CPU.Build.0 = Debug|Any CPU
		{BBB93F2B-4DF0-40B2-B6E6-B1ABC6586A12}.Release|Any CPU.ActiveCfg = Release|Any CPU
		{BBB93F2B-4DF0-40B2-B6E6-B1ABC6586A12}.Release|Any CPU.Build.0 = Release|Any CPU
		{816EC0A3-5E96-4BC3-8E75-B016D868CB60}.Debug|Any CPU.ActiveCfg = Debug|Any CPU
		{816EC0A3-5E96-4BC3-8E75-B016D868CB60}.Debug|Any CPU.Build.0 = Debug|Any CPU
		{816EC0A3-5E96-4BC3-8E75-B016D868CB60}.Release|Any CPU.ActiveCfg = Release|Any CPU
		{816EC0A3-5E96-4BC3-8E75-B016D868CB60}.Release|Any CPU.Build.0 = Release|Any CPU
		{2E5FAAD3-A4D3-A368-037B-0A44BC1A019C}.Debug|Any CPU.ActiveCfg = Debug|Any CPU
		{2E5FAAD3-A4D3-A368-037B-0A44BC1A019C}.Debug|Any CPU.Build.0 = Debug|Any CPU
		{2E5FAAD3-A4D3-A368-037B-0A44BC1A019C}.Release|Any CPU.ActiveCfg = Release|Any CPU
		{2E5FAAD3-A4D3-A368-037B-0A44BC1A019C}.Release|Any CPU.Build.0 = Release|Any CPU
		{5B43BF92-1623-4073-8154-F1008CE73552}.Debug|Any CPU.ActiveCfg = Debug|Any CPU
		{5B43BF92-1623-4073-8154-F1008CE73552}.Debug|Any CPU.Build.0 = Debug|Any CPU
		{5B43BF92-1623-4073-8154-F1008CE73552}.Release|Any CPU.ActiveCfg = Release|Any CPU
		{5B43BF92-1623-4073-8154-F1008CE73552}.Release|Any CPU.Build.0 = Release|Any CPU
		{D1DCFEB5-2AC9-788F-5125-A781EC87FE39}.Debug|Any CPU.ActiveCfg = Debug|Any CPU
		{D1DCFEB5-2AC9-788F-5125-A781EC87FE39}.Debug|Any CPU.Build.0 = Debug|Any CPU
		{D1DCFEB5-2AC9-788F-5125-A781EC87FE39}.Release|Any CPU.ActiveCfg = Release|Any CPU
		{D1DCFEB5-2AC9-788F-5125-A781EC87FE39}.Release|Any CPU.Build.0 = Release|Any CPU
		{C5896A14-E779-C596-2C31-B88AFE89F738}.Debug|Any CPU.ActiveCfg = Debug|Any CPU
		{C5896A14-E779-C596-2C31-B88AFE89F738}.Debug|Any CPU.Build.0 = Debug|Any CPU
		{C5896A14-E779-C596-2C31-B88AFE89F738}.Release|Any CPU.ActiveCfg = Release|Any CPU
		{C5896A14-E779-C596-2C31-B88AFE89F738}.Release|Any CPU.Build.0 = Release|Any CPU
		{95BB07BD-BC27-4167-B99F-D8DC7BC7A20B}.Debug|Any CPU.ActiveCfg = Debug|Any CPU
		{95BB07BD-BC27-4167-B99F-D8DC7BC7A20B}.Debug|Any CPU.Build.0 = Debug|Any CPU
		{95BB07BD-BC27-4167-B99F-D8DC7BC7A20B}.Release|Any CPU.ActiveCfg = Release|Any CPU
		{95BB07BD-BC27-4167-B99F-D8DC7BC7A20B}.Release|Any CPU.Build.0 = Release|Any CPU
		{66F17D6B-654B-4AAB-90B0-BC0B6844F6D5}.Debug|Any CPU.ActiveCfg = Debug|Any CPU
		{66F17D6B-654B-4AAB-90B0-BC0B6844F6D5}.Debug|Any CPU.Build.0 = Debug|Any CPU
		{66F17D6B-654B-4AAB-90B0-BC0B6844F6D5}.Release|Any CPU.ActiveCfg = Release|Any CPU
		{66F17D6B-654B-4AAB-90B0-BC0B6844F6D5}.Release|Any CPU.Build.0 = Release|Any CPU
		{641E4276-8C03-497D-B6E8-417E2ED5A7FB}.Debug|Any CPU.ActiveCfg = Debug|Any CPU
		{641E4276-8C03-497D-B6E8-417E2ED5A7FB}.Debug|Any CPU.Build.0 = Debug|Any CPU
		{641E4276-8C03-497D-B6E8-417E2ED5A7FB}.Release|Any CPU.ActiveCfg = Release|Any CPU
		{641E4276-8C03-497D-B6E8-417E2ED5A7FB}.Release|Any CPU.Build.0 = Release|Any CPU
		{08021293-DBAA-4322-BAB8-3666D33F57AD}.Debug|Any CPU.ActiveCfg = Debug|Any CPU
		{08021293-DBAA-4322-BAB8-3666D33F57AD}.Debug|Any CPU.Build.0 = Debug|Any CPU
		{08021293-DBAA-4322-BAB8-3666D33F57AD}.Release|Any CPU.ActiveCfg = Release|Any CPU
		{08021293-DBAA-4322-BAB8-3666D33F57AD}.Release|Any CPU.Build.0 = Release|Any CPU
	EndGlobalSection
	GlobalSection(SolutionProperties) = preSolution
		HideSolutionNode = FALSE
	EndGlobalSection
	GlobalSection(NestedProjects) = preSolution
		{7620DEB1-F100-4AC1-9CF2-BE9D4F486047} = {F8D2D220-1CF7-4247-A009-C3B67171C481}
		{E0D321BD-7A0D-4907-A213-7C98F15DD132} = {35113855-EDF8-4288-8F77-ABB565056393}
		{1FFF4643-F213-41B0-86B7-EAF82F7C0F41} = {02EA681E-C7D8-13C7-8484-4AC65E1B71E8}
		{8FD665B6-EB74-4721-A98B-681DA075B989} = {35113855-EDF8-4288-8F77-ABB565056393}
		{68F25823-918E-4E51-9FE7-F947DFA6DC73} = {6DCE7F39-A782-4D98-9C32-CAC7A7FEFB92}
		{6FFF24FF-12A8-4EDC-BEF6-66530E177DC9} = {6DCE7F39-A782-4D98-9C32-CAC7A7FEFB92}
		{8A370927-AE4E-45A3-84FA-287C3B7F465C} = {710B52D4-44F6-4B37-951F-30C4FE76CBE7}
		{5BC0F70F-DAF5-4541-B649-EC6E5445F68C} = {710B52D4-44F6-4B37-951F-30C4FE76CBE7}
		{E77AFE4C-7A65-4ADE-852C-17B3FBB60800} = {6DCE7F39-A782-4D98-9C32-CAC7A7FEFB92}
		{38BDDE5C-9C2D-42F5-BA1D-6C0682841BE5} = {6DCE7F39-A782-4D98-9C32-CAC7A7FEFB92}
		{891A75DB-E42D-4374-9F27-772CF8EA6C0B} = {6DCE7F39-A782-4D98-9C32-CAC7A7FEFB92}
		{8FF56E0F-BFE4-4A63-81EF-6D776920E11D} = {6DCE7F39-A782-4D98-9C32-CAC7A7FEFB92}
		{C9FE65BF-DE4B-4D7A-8620-848231F91FAF} = {6DCE7F39-A782-4D98-9C32-CAC7A7FEFB92}
		{FE039D36-513D-4E78-A567-71DC6621A171} = {6DCE7F39-A782-4D98-9C32-CAC7A7FEFB92}
		{B0998971-529E-472A-839A-5F452B86EAA9} = {6DCE7F39-A782-4D98-9C32-CAC7A7FEFB92}
		{BBB93F2B-4DF0-40B2-B6E6-B1ABC6586A12} = {6DCE7F39-A782-4D98-9C32-CAC7A7FEFB92}
		{816EC0A3-5E96-4BC3-8E75-B016D868CB60} = {6DCE7F39-A782-4D98-9C32-CAC7A7FEFB92}
		{2E5FAAD3-A4D3-A368-037B-0A44BC1A019C} = {6DCE7F39-A782-4D98-9C32-CAC7A7FEFB92}
		{5B43BF92-1623-4073-8154-F1008CE73552} = {6DCE7F39-A782-4D98-9C32-CAC7A7FEFB92}
		{D1DCFEB5-2AC9-788F-5125-A781EC87FE39} = {6DCE7F39-A782-4D98-9C32-CAC7A7FEFB92}
		{C5896A14-E779-C596-2C31-B88AFE89F738} = {6DCE7F39-A782-4D98-9C32-CAC7A7FEFB92}
		{95BB07BD-BC27-4167-B99F-D8DC7BC7A20B} = {6DCE7F39-A782-4D98-9C32-CAC7A7FEFB92}
		{66F17D6B-654B-4AAB-90B0-BC0B6844F6D5} = {6DCE7F39-A782-4D98-9C32-CAC7A7FEFB92}
		{641E4276-8C03-497D-B6E8-417E2ED5A7FB} = {6DCE7F39-A782-4D98-9C32-CAC7A7FEFB92}
		{08021293-DBAA-4322-BAB8-3666D33F57AD} = {6DCE7F39-A782-4D98-9C32-CAC7A7FEFB92}
	EndGlobalSection
	GlobalSection(ExtensibilityGlobals) = postSolution
		SolutionGuid = {5DDCEE59-1BF9-4C25-AB29-551F61F68B50}
	EndGlobalSection
EndGlobal
